
Microsoft Visual Studio Solution File, Format Version 12.00
# Visual Studio Version 17
VisualStudioVersion = 17.3.32929.385
MinimumVisualStudioVersion = 10.0.40219.1
Project("{9A19103F-16F7-4668-BE54-9A1E7A4F7556}") = "DecomApp", "DecomApp\DecomApp.csproj", "{09C50F1B-059A-4851-951C-3292C67BAC09}"
EndProject
Project("{9A19103F-16F7-4668-BE54-9A1E7A4F7556}") = "ConsoleApp1", "..\ConsoleApp1\ConsoleApp1\ConsoleApp1.csproj", "{A0B4BCAF-D36F-4D85-89CF-50457BC0AD54}"
EndProject
Global
	GlobalSection(SolutionConfigurationPlatforms) = preSolution
		Debug|Any CPU = Debug|Any CPU
		Release|Any CPU = Release|Any CPU
	EndGlobalSection
	GlobalSection(ProjectConfigurationPlatforms) = postSolution
		{09C50F1B-059A-4851-951C-3292C67BAC09}.Debug|Any CPU.ActiveCfg = Debug|Any CPU
		{09C50F1B-059A-4851-951C-3292C67BAC09}.Debug|Any CPU.Build.0 = Debug|Any CPU
		{09C50F1B-059A-4851-951C-3292C67BAC09}.Release|Any CPU.ActiveCfg = Release|Any CPU
		{09C50F1B-059A-4851-951C-3292C67BAC09}.Release|Any CPU.Build.0 = Release|Any CPU
		{A0B4BCAF-D36F-4D85-89CF-50457BC0AD54}.Debug|Any CPU.ActiveCfg = Debug|Any CPU
		{A0B4BCAF-D36F-4D85-89CF-50457BC0AD54}.Debug|Any CPU.Build.0 = Debug|Any CPU
		{A0B4BCAF-D36F-4D85-89CF-50457BC0AD54}.Release|Any CPU.ActiveCfg = Release|Any CPU
		{A0B4BCAF-D36F-4D85-89CF-50457BC0AD54}.Release|Any CPU.Build.0 = Release|Any CPU
	EndGlobalSection
	GlobalSection(SolutionProperties) = preSolution
		HideSolutionNode = FALSE
	EndGlobalSection
	GlobalSection(ExtensibilityGlobals) = postSolution
		SolutionGuid = {F8E0FCBF-FDC0-49B1-82C2-A7595AB5CD0A}
	EndGlobalSection
EndGlobal
